
Microsoft Visual Studio Solution File, Format Version 12.00
# Visual Studio Version 16
VisualStudioVersion = 16.0.30907.101
MinimumVisualStudioVersion = 10.0.40219.1
Project("{FAE04EC0-301F-11D3-BF4B-00C04F79EFBC}") = "Repository2", "Repository2\Repository2.csproj", "{C8D6F595-B6A1-47F4-8C2A-C50E2D2C0BC0}"
EndProject
Global
	GlobalSection(SolutionConfigurationPlatforms) = preSolution
		Debug|Any CPU = Debug|Any CPU
		Release|Any CPU = Release|Any CPU
	EndGlobalSection
	GlobalSection(ProjectConfigurationPlatforms) = postSolution
		{C8D6F595-B6A1-47F4-8C2A-C50E2D2C0BC0}.Debug|Any CPU.ActiveCfg = Debug|Any CPU
		{C8D6F595-B6A1-47F4-8C2A-C50E2D2C0BC0}.Debug|Any CPU.Build.0 = Debug|Any CPU
		{C8D6F595-B6A1-47F4-8C2A-C50E2D2C0BC0}.Release|Any CPU.ActiveCfg = Release|Any CPU
		{C8D6F595-B6A1-47F4-8C2A-C50E2D2C0BC0}.Release|Any CPU.Build.0 = Release|Any CPU
	EndGlobalSection
	GlobalSection(SolutionProperties) = preSolution
		HideSolutionNode = FALSE
	EndGlobalSection
	GlobalSection(ExtensibilityGlobals) = postSolution
		SolutionGuid = {2CECB898-7EFB-482D-A974-B0844B2541A0}
	EndGlobalSection
EndGlobal
